# This file is autogenerated, do not edit; changes may be undone by the next 'dep ensure'.


[[projects]]
  branch = "master"
  name = "github.com/AndreasBriese/bbloom"
  packages = ["."]
  revision = "28f7e881ca57bc00e028f9ede9f0d9104cfeef5e"

[[projects]]
  name = "github.com/dgraph-io/badger"
  packages = [
    ".",
    "options",
    "protos",
    "skl",
    "table",
    "y"
  ]
  revision = "690400e629977977ecddfa8ab3a7f9285e1041a8"
  version = "v1.5.1"

[[projects]]
  branch = "master"
  name = "github.com/dgryski/go-farm"
  packages = ["."]
  revision = "2de33835d10275975374b37b2dcfd22c9020a1f5"

[[projects]]
  name = "github.com/golang/protobuf"
  packages = ["proto"]
  revision = "b4deda0973fb4c70b50d226b1af49f3da59f5265"
  version = "v1.1.0"

[[projects]]
  name = "github.com/pkg/errors"
  packages = ["."]
  revision = "645ef00459ed84a119197bfb8d8205042c6df63d"
  version = "v0.8.0"

[[projects]]
  branch = "master"
  name = "golang.org/x/net"
  packages = [
    "context",
    "internal/timeseries",
    "trace"
  ]
  revision = "db08ff08e8622530d9ed3a0e8ac279f6d4c02196"

[[projects]]
  branch = "master"
  name = "golang.org/x/sys"
  packages = ["unix"]
  revision = "bff228c7b664c5fce602223a05fb708fd8654986"

[solve-meta]
  analyzer-name = "dep"
  analyzer-version = 1
  inputs-digest = "6da85c61c839405a84efe4102a11be8a9269e16d7ad79c94b47c1625f101149f"
  solver-name = "gps-cdcl"
  solver-version = 1
